
Microsoft Visual Studio Solution File, Format Version 12.00
# Visual Studio Version 17
VisualStudioVersion = 17.1.32210.238
MinimumVisualStudioVersion = 10.0.40219.1
Project("{9A19103F-16F7-4668-BE54-9A1E7A4F7556}") = "PerceptronDAL", "PerceptronDAL\PerceptronDAL.csproj", "{743BDECB-D04D-4CD3-9635-5C363C7CEC86}"
EndProject
Project("{9A19103F-16F7-4668-BE54-9A1E7A4F7556}") = "PerceptronBLL", "PerceptronBLL\PerceptronBLL.csproj", "{97360AE5-20F0-45B9-BDB5-75FB4B94CD5E}"
	ProjectSection(ProjectDependencies) = postProject
		{743BDECB-D04D-4CD3-9635-5C363C7CEC86} = {743BDECB-D04D-4CD3-9635-5C363C7CEC86}
	EndProjectSection
EndProject
Project("{9A19103F-16F7-4668-BE54-9A1E7A4F7556}") = "PerceptronDAL-Test", "DAL-Test\PerceptronDAL-Test.csproj", "{D3AE8861-44BD-440D-B83E-1AA934AE7D60}"
	ProjectSection(ProjectDependencies) = postProject
		{743BDECB-D04D-4CD3-9635-5C363C7CEC86} = {743BDECB-D04D-4CD3-9635-5C363C7CEC86}
	EndProjectSection
EndProject
Project("{FAE04EC0-301F-11D3-BF4B-00C04F79EFBC}") = "PerceptronGUI", "PerceptronGUI\PerceptronGUI.csproj", "{79A6B14E-62AE-448F-8CDA-0DEEC1FB47C9}"
	ProjectSection(ProjectDependencies) = postProject
		{97360AE5-20F0-45B9-BDB5-75FB4B94CD5E} = {97360AE5-20F0-45B9-BDB5-75FB4B94CD5E}
	EndProjectSection
EndProject
Global
	GlobalSection(SolutionConfigurationPlatforms) = preSolution
		Debug|Any CPU = Debug|Any CPU
		Debug|ARM = Debug|ARM
		Debug|ARM64 = Debug|ARM64
		Debug|x64 = Debug|x64
		Debug|x86 = Debug|x86
		Release|Any CPU = Release|Any CPU
		Release|ARM = Release|ARM
		Release|ARM64 = Release|ARM64
		Release|x64 = Release|x64
		Release|x86 = Release|x86
	EndGlobalSection
	GlobalSection(ProjectConfigurationPlatforms) = postSolution
		{743BDECB-D04D-4CD3-9635-5C363C7CEC86}.Debug|Any CPU.ActiveCfg = Debug|Any CPU
		{743BDECB-D04D-4CD3-9635-5C363C7CEC86}.Debug|Any CPU.Build.0 = Debug|Any CPU
		{743BDECB-D04D-4CD3-9635-5C363C7CEC86}.Debug|ARM.ActiveCfg = Debug|Any CPU
		{743BDECB-D04D-4CD3-9635-5C363C7CEC86}.Debug|ARM.Build.0 = Debug|Any CPU
		{743BDECB-D04D-4CD3-9635-5C363C7CEC86}.Debug|ARM64.ActiveCfg = Debug|Any CPU
		{743BDECB-D04D-4CD3-9635-5C363C7CEC86}.Debug|ARM64.Build.0 = Debug|Any CPU
		{743BDECB-D04D-4CD3-9635-5C363C7CEC86}.Debug|x64.ActiveCfg = Debug|Any CPU
		{743BDECB-D04D-4CD3-9635-5C363C7CEC86}.Debug|x64.Build.0 = Debug|Any CPU
		{743BDECB-D04D-4CD3-9635-5C363C7CEC86}.Debug|x86.ActiveCfg = Debug|Any CPU
		{743BDECB-D04D-4CD3-9635-5C363C7CEC86}.Debug|x86.Build.0 = Debug|Any CPU
		{743BDECB-D04D-4CD3-9635-5C363C7CEC86}.Release|Any CPU.ActiveCfg = Release|Any CPU
		{743BDECB-D04D-4CD3-9635-5C363C7CEC86}.Release|Any CPU.Build.0 = Release|Any CPU
		{743BDECB-D04D-4CD3-9635-5C363C7CEC86}.Release|ARM.ActiveCfg = Release|Any CPU
		{743BDECB-D04D-4CD3-9635-5C363C7CEC86}.Release|ARM.Build.0 = Release|Any CPU
		{743BDECB-D04D-4CD3-9635-5C363C7CEC86}.Release|ARM64.ActiveCfg = Release|Any CPU
		{743BDECB-D04D-4CD3-9635-5C363C7CEC86}.Release|ARM64.Build.0 = Release|Any CPU
		{743BDECB-D04D-4CD3-9635-5C363C7CEC86}.Release|x64.ActiveCfg = Release|Any CPU
		{743BDECB-D04D-4CD3-9635-5C363C7CEC86}.Release|x64.Build.0 = Release|Any CPU
		{743BDECB-D04D-4CD3-9635-5C363C7CEC86}.Release|x86.ActiveCfg = Release|Any CPU
		{743BDECB-D04D-4CD3-9635-5C363C7CEC86}.Release|x86.Build.0 = Release|Any CPU
		{97360AE5-20F0-45B9-BDB5-75FB4B94CD5E}.Debug|Any CPU.ActiveCfg = Debug|Any CPU
		{97360AE5-20F0-45B9-BDB5-75FB4B94CD5E}.Debug|Any CPU.Build.0 = Debug|Any CPU
		{97360AE5-20F0-45B9-BDB5-75FB4B94CD5E}.Debug|ARM.ActiveCfg = Debug|Any CPU
		{97360AE5-20F0-45B9-BDB5-75FB4B94CD5E}.Debug|ARM.Build.0 = Debug|Any CPU
		{97360AE5-20F0-45B9-BDB5-75FB4B94CD5E}.Debug|ARM64.ActiveCfg = Debug|Any CPU
		{97360AE5-20F0-45B9-BDB5-75FB4B94CD5E}.Debug|ARM64.Build.0 = Debug|Any CPU
		{97360AE5-20F0-45B9-BDB5-75FB4B94CD5E}.Debug|x64.ActiveCfg = Debug|Any CPU
		{97360AE5-20F0-45B9-BDB5-75FB4B94CD5E}.Debug|x64.Build.0 = Debug|Any CPU
		{97360AE5-20F0-45B9-BDB5-75FB4B94CD5E}.Debug|x86.ActiveCfg = Debug|Any CPU
		{97360AE5-20F0-45B9-BDB5-75FB4B94CD5E}.Debug|x86.Build.0 = Debug|Any CPU
		{97360AE5-20F0-45B9-BDB5-75FB4B94CD5E}.Release|Any CPU.ActiveCfg = Release|Any CPU
		{97360AE5-20F0-45B9-BDB5-75FB4B94CD5E}.Release|Any CPU.Build.0 = Release|Any CPU
		{97360AE5-20F0-45B9-BDB5-75FB4B94CD5E}.Release|ARM.ActiveCfg = Release|Any CPU
		{97360AE5-20F0-45B9-BDB5-75FB4B94CD5E}.Release|ARM.Build.0 = Release|Any CPU
		{97360AE5-20F0-45B9-BDB5-75FB4B94CD5E}.Release|ARM64.ActiveCfg = Release|Any CPU
		{97360AE5-20F0-45B9-BDB5-75FB4B94CD5E}.Release|ARM64.Build.0 = Release|Any CPU
		{97360AE5-20F0-45B9-BDB5-75FB4B94CD5E}.Release|x64.ActiveCfg = Release|Any CPU
		{97360AE5-20F0-45B9-BDB5-75FB4B94CD5E}.Release|x64.Build.0 = Release|Any CPU
		{97360AE5-20F0-45B9-BDB5-75FB4B94CD5E}.Release|x86.ActiveCfg = Release|Any CPU
		{97360AE5-20F0-45B9-BDB5-75FB4B94CD5E}.Release|x86.Build.0 = Release|Any CPU
		{D3AE8861-44BD-440D-B83E-1AA934AE7D60}.Debug|Any CPU.ActiveCfg = Debug|Any CPU
		{D3AE8861-44BD-440D-B83E-1AA934AE7D60}.Debug|Any CPU.Build.0 = Debug|Any CPU
		{D3AE8861-44BD-440D-B83E-1AA934AE7D60}.Debug|ARM.ActiveCfg = Debug|Any CPU
		{D3AE8861-44BD-440D-B83E-1AA934AE7D60}.Debug|ARM.Build.0 = Debug|Any CPU
		{D3AE8861-44BD-440D-B83E-1AA934AE7D60}.Debug|ARM64.ActiveCfg = Debug|Any CPU
		{D3AE8861-44BD-440D-B83E-1AA934AE7D60}.Debug|ARM64.Build.0 = Debug|Any CPU
		{D3AE8861-44BD-440D-B83E-1AA934AE7D60}.Debug|x64.ActiveCfg = Debug|Any CPU
		{D3AE8861-44BD-440D-B83E-1AA934AE7D60}.Debug|x64.Build.0 = Debug|Any CPU
		{D3AE8861-44BD-440D-B83E-1AA934AE7D60}.Debug|x86.ActiveCfg = Debug|Any CPU
		{D3AE8861-44BD-440D-B83E-1AA934AE7D60}.Debug|x86.Build.0 = Debug|Any CPU
		{D3AE8861-44BD-440D-B83E-1AA934AE7D60}.Release|Any CPU.ActiveCfg = Release|Any CPU
		{D3AE8861-44BD-440D-B83E-1AA934AE7D60}.Release|Any CPU.Build.0 = Release|Any CPU
		{D3AE8861-44BD-440D-B83E-1AA934AE7D60}.Release|ARM.ActiveCfg = Release|Any CPU
		{D3AE8861-44BD-440D-B83E-1AA934AE7D60}.Release|ARM.Build.0 = Release|Any CPU
		{D3AE8861-44BD-440D-B83E-1AA934AE7D60}.Release|ARM64.ActiveCfg = Release|Any CPU
		{D3AE8861-44BD-440D-B83E-1AA934AE7D60}.Release|ARM64.Build.0 = Release|Any CPU
		{D3AE8861-44BD-440D-B83E-1AA934AE7D60}.Release|x64.ActiveCfg = Release|Any CPU
		{D3AE8861-44BD-440D-B83E-1AA934AE7D60}.Release|x64.Build.0 = Release|Any CPU
		{D3AE8861-44BD-440D-B83E-1AA934AE7D60}.Release|x86.ActiveCfg = Release|Any CPU
		{D3AE8861-44BD-440D-B83E-1AA934AE7D60}.Release|x86.Build.0 = Release|Any CPU
		{79A6B14E-62AE-448F-8CDA-0DEEC1FB47C9}.Debug|Any CPU.ActiveCfg = Debug|Any CPU
		{79A6B14E-62AE-448F-8CDA-0DEEC1FB47C9}.Debug|Any CPU.Build.0 = Debug|Any CPU
		{79A6B14E-62AE-448F-8CDA-0DEEC1FB47C9}.Debug|ARM.ActiveCfg = Debug|Any CPU
		{79A6B14E-62AE-448F-8CDA-0DEEC1FB47C9}.Debug|ARM.Build.0 = Debug|Any CPU
		{79A6B14E-62AE-448F-8CDA-0DEEC1FB47C9}.Debug|ARM64.ActiveCfg = Debug|Any CPU
		{79A6B14E-62AE-448F-8CDA-0DEEC1FB47C9}.Debug|ARM64.Build.0 = Debug|Any CPU
		{79A6B14E-62AE-448F-8CDA-0DEEC1FB47C9}.Debug|x64.ActiveCfg = Debug|Any CPU
		{79A6B14E-62AE-448F-8CDA-0DEEC1FB47C9}.Debug|x64.Build.0 = Debug|Any CPU
		{79A6B14E-62AE-448F-8CDA-0DEEC1FB47C9}.Debug|x86.ActiveCfg = Debug|Any CPU
		{79A6B14E-62AE-448F-8CDA-0DEEC1FB47C9}.Debug|x86.Build.0 = Debug|Any CPU
		{79A6B14E-62AE-448F-8CDA-0DEEC1FB47C9}.Release|Any CPU.ActiveCfg = Release|Any CPU
		{79A6B14E-62AE-448F-8CDA-0DEEC1FB47C9}.Release|Any CPU.Build.0 = Release|Any CPU
		{79A6B14E-62AE-448F-8CDA-0DEEC1FB47C9}.Release|ARM.ActiveCfg = Release|Any CPU
		{79A6B14E-62AE-448F-8CDA-0DEEC1FB47C9}.Release|ARM.Build.0 = Release|Any CPU
		{79A6B14E-62AE-448F-8CDA-0DEEC1FB47C9}.Release|ARM64.ActiveCfg = Release|Any CPU
		{79A6B14E-62AE-448F-8CDA-0DEEC1FB47C9}.Release|ARM64.Build.0 = Release|Any CPU
		{79A6B14E-62AE-448F-8CDA-0DEEC1FB47C9}.Release|x64.ActiveCfg = Release|Any CPU
		{79A6B14E-62AE-448F-8CDA-0DEEC1FB47C9}.Release|x64.Build.0 = Release|Any CPU
		{79A6B14E-62AE-448F-8CDA-0DEEC1FB47C9}.Release|x86.ActiveCfg = Release|Any CPU
		{79A6B14E-62AE-448F-8CDA-0DEEC1FB47C9}.Release|x86.Build.0 = Release|Any CPU
	EndGlobalSection
	GlobalSection(SolutionProperties) = preSolution
		HideSolutionNode = FALSE
	EndGlobalSection
	GlobalSection(ExtensibilityGlobals) = postSolution
		SolutionGuid = {67862CE5-8E21-4278-A0B4-612D5B37EBDC}
	EndGlobalSection
EndGlobal
